
Microsoft Visual Studio Solution File, Format Version 12.00
# Visual Studio Version 16
VisualStudioVersion = 16.0.29709.97
MinimumVisualStudioVersion = 10.0.40219.1
Project("{FAE04EC0-301F-11D3-BF4B-00C04F79EFBC}") = "VoiceToTextDLL", "VoiceToTextDLL\VoiceToTextDLL.csproj", "{024ECBFA-0F7C-424F-BA24-9D4D291DC741}"
EndProject
Global
	GlobalSection(SolutionConfigurationPlatforms) = preSolution
		Debug|Any CPU = Debug|Any CPU
		Debug|x64 = Debug|x64
		Release|Any CPU = Release|Any CPU
		Release|x64 = Release|x64
	EndGlobalSection
	GlobalSection(ProjectConfigurationPlatforms) = postSolution
		{024ECBFA-0F7C-424F-BA24-9D4D291DC741}.Debug|Any CPU.ActiveCfg = Debug|Any CPU
		{024ECBFA-0F7C-424F-BA24-9D4D291DC741}.Debug|Any CPU.Build.0 = Debug|Any CPU
		{024ECBFA-0F7C-424F-BA24-9D4D291DC741}.Debug|x64.ActiveCfg = Debug|x64
		{024ECBFA-0F7C-424F-BA24-9D4D291DC741}.Debug|x64.Build.0 = Debug|x64
		{024ECBFA-0F7C-424F-BA24-9D4D291DC741}.Release|Any CPU.ActiveCfg = Release|Any CPU
		{024ECBFA-0F7C-424F-BA24-9D4D291DC741}.Release|Any CPU.Build.0 = Release|Any CPU
		{024ECBFA-0F7C-424F-BA24-9D4D291DC741}.Release|x64.ActiveCfg = Release|x64
		{024ECBFA-0F7C-424F-BA24-9D4D291DC741}.Release|x64.Build.0 = Release|x64
	EndGlobalSection
	GlobalSection(SolutionProperties) = preSolution
		HideSolutionNode = FALSE
	EndGlobalSection
	GlobalSection(ExtensibilityGlobals) = postSolution
		SolutionGuid = {428D2508-D5A8-47A7-8A89-18B76145F74D}
	EndGlobalSection
EndGlobal
